
Microsoft Visual Studio Solution File, Format Version 12.00
# Visual Studio Version 18
VisualStudioVersion = 18.6.11822.322 stable
MinimumVisualStudioVersion = 10.0.40219.1
Project("{FAE04EC0-301F-11D3-BF4B-00C04F79EFBC}") = "SiteForge.Api", "backend\SiteForge.Api\SiteForge.Api.csproj", "{B3286208-BA59-C351-6DFD-C500ADED5C41}"
EndProject
Global
	GlobalSection(SolutionConfigurationPlatforms) = preSolution
		Debug|Any CPU = Debug|Any CPU
		Release|Any CPU = Release|Any CPU
	EndGlobalSection
	GlobalSection(ProjectConfigurationPlatforms) = postSolution
		{B3286208-BA59-C351-6DFD-C500ADED5C41}.Debug|Any CPU.ActiveCfg = Debug|Any CPU
		{B3286208-BA59-C351-6DFD-C500ADED5C41}.Debug|Any CPU.Build.0 = Debug|Any CPU
		{B3286208-BA59-C351-6DFD-C500ADED5C41}.Release|Any CPU.ActiveCfg = Release|Any CPU
		{B3286208-BA59-C351-6DFD-C500ADED5C41}.Release|Any CPU.Build.0 = Release|Any CPU
	EndGlobalSection
	GlobalSection(SolutionProperties) = preSolution
		HideSolutionNode = FALSE
	EndGlobalSection
	GlobalSection(ExtensibilityGlobals) = postSolution
		SolutionGuid = {1684C5AF-47FA-42CE-BF33-D9336C6875D4}
	EndGlobalSection
EndGlobal
